name: Resolve PR 1109 lockfile

on:
  push:
    branches:
      - fix/cli-typecheck-dependencies

permissions:
  contents: write

jobs:
  regenerate-lock:
    if: github.actor != 'github-actions[bot]'
    runs-on: ubuntu-latest
    steps:
      - uses: actions/checkout@v4
        with:
          fetch-depth: 0

      - uses: oven-sh/setup-bun@v2
        with:
          bun-version: 1.3.11

      - name: Regenerate bun.lock
        run: bun install --lockfile-only --ignore-scripts

      - name: Remove temporary workflow and commit lockfile
        shell: bash
        run: |
          rm -f .github/workflows/resolve-1109-lock.yml
          git config user.name "github-actions[bot]"
          git config user.email "41898282+github-actions[bot]@users.noreply.github.com"
          git add bun.lock .github/workflows/resolve-1109-lock.yml
          if git diff --cached --quiet; then
            exit 0
          fi
          git commit -m "chore: regenerate lockfile on latest upstream"
          git push origin HEAD:fix/cli-typecheck-dependencies
